
Microsoft Visual Studio Solution File, Format Version 12.00
# Visual Studio Version 16
VisualStudioVersion = 16.0.30907.101
MinimumVisualStudioVersion = 10.0.40219.1
Project("{FAE04EC0-301F-11D3-BF4B-00C04F79EFBC}") = "Estagio_V2", "Estagio_V2\Estagio_V2.csproj", "{AC62D082-9928-48A2-A1CF-033A5EBD553F}"
EndProject
Global
	GlobalSection(SolutionConfigurationPlatforms) = preSolution
		Debug|Any CPU = Debug|Any CPU
		Release|Any CPU = Release|Any CPU
	EndGlobalSection
	GlobalSection(ProjectConfigurationPlatforms) = postSolution
		{AC62D082-9928-48A2-A1CF-033A5EBD553F}.Debug|Any CPU.ActiveCfg = Debug|Any CPU
		{AC62D082-9928-48A2-A1CF-033A5EBD553F}.Debug|Any CPU.Build.0 = Debug|Any CPU
		{AC62D082-9928-48A2-A1CF-033A5EBD553F}.Release|Any CPU.ActiveCfg = Release|Any CPU
		{AC62D082-9928-48A2-A1CF-033A5EBD553F}.Release|Any CPU.Build.0 = Release|Any CPU
	EndGlobalSection
	GlobalSection(SolutionProperties) = preSolution
		HideSolutionNode = FALSE
	EndGlobalSection
	GlobalSection(ExtensibilityGlobals) = postSolution
		SolutionGuid = {28B79ECF-5E35-4833-8D1F-E69F4FD820AC}
	EndGlobalSection
EndGlobal
